
Microsoft Visual Studio Solution File, Format Version 12.00
# Visual Studio Version 17
VisualStudioVersion = 17.9.34723.18
MinimumVisualStudioVersion = 10.0.40219.1
Project("{9A19103F-16F7-4668-BE54-9A1E7A4F7556}") = "ZooApp", "ZooApp\ZooApp.csproj", "{34868C47-22B4-4071-910D-7485AC1F851D}"
EndProject
Global
	GlobalSection(SolutionConfigurationPlatforms) = preSolution
		Debug|Any CPU = Debug|Any CPU
		Release|Any CPU = Release|Any CPU
	EndGlobalSection
	GlobalSection(ProjectConfigurationPlatforms) = postSolution
		{34868C47-22B4-4071-910D-7485AC1F851D}.Debug|Any CPU.ActiveCfg = Debug|Any CPU
		{34868C47-22B4-4071-910D-7485AC1F851D}.Debug|Any CPU.Build.0 = Debug|Any CPU
		{34868C47-22B4-4071-910D-7485AC1F851D}.Release|Any CPU.ActiveCfg = Release|Any CPU
		{34868C47-22B4-4071-910D-7485AC1F851D}.Release|Any CPU.Build.0 = Release|Any CPU
	EndGlobalSection
	GlobalSection(SolutionProperties) = preSolution
		HideSolutionNode = FALSE
	EndGlobalSection
	GlobalSection(ExtensibilityGlobals) = postSolution
		SolutionGuid = {6CED02A6-05ED-42A4-AF76-7D8F67C35F6B}
	EndGlobalSection
EndGlobal
